
Microsoft Visual Studio Solution File, Format Version 12.00
# Visual Studio 15
VisualStudioVersion = 15.0.27703.2042
MinimumVisualStudioVersion = 10.0.40219.1
Project("{FAE04EC0-301F-11D3-BF4B-00C04F79EFBC}") = "DbUpPractice", "DbUpPractice\DbUpPractice.csproj", "{1030D3F8-1738-4385-A901-B46DF781AAD3}"
EndProject
Global
	GlobalSection(SolutionConfigurationPlatforms) = preSolution
		Debug|Any CPU = Debug|Any CPU
		Release|Any CPU = Release|Any CPU
	EndGlobalSection
	GlobalSection(ProjectConfigurationPlatforms) = postSolution
		{1030D3F8-1738-4385-A901-B46DF781AAD3}.Debug|Any CPU.ActiveCfg = Debug|Any CPU
		{1030D3F8-1738-4385-A901-B46DF781AAD3}.Debug|Any CPU.Build.0 = Debug|Any CPU
		{1030D3F8-1738-4385-A901-B46DF781AAD3}.Release|Any CPU.ActiveCfg = Release|Any CPU
		{1030D3F8-1738-4385-A901-B46DF781AAD3}.Release|Any CPU.Build.0 = Release|Any CPU
	EndGlobalSection
	GlobalSection(SolutionProperties) = preSolution
		HideSolutionNode = FALSE
	EndGlobalSection
	GlobalSection(ExtensibilityGlobals) = postSolution
		SolutionGuid = {05E8ABE2-23AB-4AD5-8230-14C030ED5D92}
	EndGlobalSection
EndGlobal
